
Microsoft Visual Studio Solution File, Format Version 12.00
# Visual Studio 16
Project("{FAE04EC0-301F-11D3-BF4B-00C04F79EFBC}") = "Assembly-CSharp", "Assembly-CSharp.csproj", "{FEB70C19-8210-8F58-01C7-7420307A2476}"
EndProject
Global
	GlobalSection(SolutionConfigurationPlatforms) = preSolution
		Debug|Any CPU = Debug|Any CPU
		Release|Any CPU = Release|Any CPU
	EndGlobalSection
	GlobalSection(ProjectConfigurationPlatforms) = postSolution
		{FEB70C19-8210-8F58-01C7-7420307A2476}.Debug|Any CPU.ActiveCfg = Debug|Any CPU
		{FEB70C19-8210-8F58-01C7-7420307A2476}.Debug|Any CPU.Build.0 = Debug|Any CPU
		{FEB70C19-8210-8F58-01C7-7420307A2476}.Release|Any CPU.ActiveCfg = Release|Any CPU
		{FEB70C19-8210-8F58-01C7-7420307A2476}.Release|Any CPU.Build.0 = Release|Any CPU
	EndGlobalSection
	GlobalSection(SolutionProperties) = preSolution
		HideSolutionNode = FALSE
	EndGlobalSection
EndGlobal
